
Microsoft Visual Studio Solution File, Format Version 12.00
# Visual Studio Version 18
VisualStudioVersion = 18.4.11626.88 stable
MinimumVisualStudioVersion = 10.0.40219.1
Project("{FAE04EC0-301F-11D3-BF4B-00C04F79EFBC}") = "SamplePlugin", "SamplePlugin.csproj", "{9307BF5F-B912-C59A-80DA-666BFAE445F1}"
EndProject
Global
	GlobalSection(SolutionConfigurationPlatforms) = preSolution
		Debug|Any CPU = Debug|Any CPU
		Release|Any CPU = Release|Any CPU
	EndGlobalSection
	GlobalSection(ProjectConfigurationPlatforms) = postSolution
		{9307BF5F-B912-C59A-80DA-666BFAE445F1}.Debug|Any CPU.ActiveCfg = Debug|Any CPU
		{9307BF5F-B912-C59A-80DA-666BFAE445F1}.Debug|Any CPU.Build.0 = Debug|Any CPU
		{9307BF5F-B912-C59A-80DA-666BFAE445F1}.Release|Any CPU.ActiveCfg = Release|Any CPU
		{9307BF5F-B912-C59A-80DA-666BFAE445F1}.Release|Any CPU.Build.0 = Release|Any CPU
	EndGlobalSection
	GlobalSection(SolutionProperties) = preSolution
		HideSolutionNode = FALSE
	EndGlobalSection
	GlobalSection(ExtensibilityGlobals) = postSolution
		SolutionGuid = {179DF98B-2CC7-4FB5-AFAA-F302BAB00284}
	EndGlobalSection
EndGlobal
